
Microsoft Visual Studio Solution File, Format Version 12.00
# Visual Studio 15
VisualStudioVersion = 15.0.28010.2046
MinimumVisualStudioVersion = 10.0.40219.1
Project("{FAE04EC0-301F-11D3-BF4B-00C04F79EFBC}") = "BorwellChallenge", "BorwellChallenge\BorwellChallenge.csproj", "{FE2344E5-320B-4DA9-9940-5180C42807D7}"
EndProject
Project("{FAE04EC0-301F-11D3-BF4B-00C04F79EFBC}") = "BorwellTests", "BorwellTests\BorwellTests.csproj", "{D5C5042A-AAA2-48E3-9A06-A8BBC474B5C9}"
EndProject
Global
	GlobalSection(SolutionConfigurationPlatforms) = preSolution
		Debug|Any CPU = Debug|Any CPU
		Release|Any CPU = Release|Any CPU
	EndGlobalSection
	GlobalSection(ProjectConfigurationPlatforms) = postSolution
		{FE2344E5-320B-4DA9-9940-5180C42807D7}.Debug|Any CPU.ActiveCfg = Debug|Any CPU
		{FE2344E5-320B-4DA9-9940-5180C42807D7}.Debug|Any CPU.Build.0 = Debug|Any CPU
		{FE2344E5-320B-4DA9-9940-5180C42807D7}.Release|Any CPU.ActiveCfg = Release|Any CPU
		{FE2344E5-320B-4DA9-9940-5180C42807D7}.Release|Any CPU.Build.0 = Release|Any CPU
		{D5C5042A-AAA2-48E3-9A06-A8BBC474B5C9}.Debug|Any CPU.ActiveCfg = Debug|Any CPU
		{D5C5042A-AAA2-48E3-9A06-A8BBC474B5C9}.Debug|Any CPU.Build.0 = Debug|Any CPU
		{D5C5042A-AAA2-48E3-9A06-A8BBC474B5C9}.Release|Any CPU.ActiveCfg = Release|Any CPU
		{D5C5042A-AAA2-48E3-9A06-A8BBC474B5C9}.Release|Any CPU.Build.0 = Release|Any CPU
	EndGlobalSection
	GlobalSection(SolutionProperties) = preSolution
		HideSolutionNode = FALSE
	EndGlobalSection
	GlobalSection(ExtensibilityGlobals) = postSolution
		SolutionGuid = {792D8F3D-9022-4257-93A2-1D82539E6D7B}
	EndGlobalSection
EndGlobal
